
Microsoft Visual Studio Solution File, Format Version 12.00
# Visual Studio Version 17
VisualStudioVersion = 17.2.32616.157
MinimumVisualStudioVersion = 10.0.40219.1
Project("{FAE04EC0-301F-11D3-BF4B-00C04F79EFBC}") = "thiagopena-d3-avaliacao", "thiagopena-d3-avaliacao.csproj", "{7FF2CA2E-63C4-464F-9A48-CCD78AA3F480}"
EndProject
Global
	GlobalSection(SolutionConfigurationPlatforms) = preSolution
		Debug|Any CPU = Debug|Any CPU
		Release|Any CPU = Release|Any CPU
	EndGlobalSection
	GlobalSection(ProjectConfigurationPlatforms) = postSolution
		{7FF2CA2E-63C4-464F-9A48-CCD78AA3F480}.Debug|Any CPU.ActiveCfg = Debug|Any CPU
		{7FF2CA2E-63C4-464F-9A48-CCD78AA3F480}.Debug|Any CPU.Build.0 = Debug|Any CPU
		{7FF2CA2E-63C4-464F-9A48-CCD78AA3F480}.Release|Any CPU.ActiveCfg = Release|Any CPU
		{7FF2CA2E-63C4-464F-9A48-CCD78AA3F480}.Release|Any CPU.Build.0 = Release|Any CPU
	EndGlobalSection
	GlobalSection(SolutionProperties) = preSolution
		HideSolutionNode = FALSE
	EndGlobalSection
	GlobalSection(ExtensibilityGlobals) = postSolution
		SolutionGuid = {E12EF956-1740-4790-979D-A2DBF0789DB5}
	EndGlobalSection
EndGlobal
